
Microsoft Visual Studio Solution File, Format Version 12.00
# Visual Studio Version 16
VisualStudioVersion = 16.0.29001.49
MinimumVisualStudioVersion = 10.0.40219.1
Project("{FAE04EC0-301F-11D3-BF4B-00C04F79EFBC}") = "ImageOptimizer", "ImageOptimizer.csproj", "{3F700E33-8D5C-432F-A9B8-C7B76CB7176C}"
EndProject
Global
	GlobalSection(SolutionConfigurationPlatforms) = preSolution
		Debug|Any CPU = Debug|Any CPU
		Release|Any CPU = Release|Any CPU
	EndGlobalSection
	GlobalSection(ProjectConfigurationPlatforms) = postSolution
		{3F700E33-8D5C-432F-A9B8-C7B76CB7176C}.Debug|Any CPU.ActiveCfg = Debug|Any CPU
		{3F700E33-8D5C-432F-A9B8-C7B76CB7176C}.Debug|Any CPU.Build.0 = Debug|Any CPU
		{3F700E33-8D5C-432F-A9B8-C7B76CB7176C}.Release|Any CPU.ActiveCfg = Release|Any CPU
		{3F700E33-8D5C-432F-A9B8-C7B76CB7176C}.Release|Any CPU.Build.0 = Release|Any CPU
	EndGlobalSection
	GlobalSection(SolutionProperties) = preSolution
		HideSolutionNode = FALSE
	EndGlobalSection
	GlobalSection(ExtensibilityGlobals) = postSolution
		SolutionGuid = {AA7484B5-4627-4D7C-85AE-04CBD3CF369C}
	EndGlobalSection
EndGlobal
